# THIS IS AN AUTOGENERATED FILE. DO NOT EDIT THIS FILE DIRECTLY.
# yarn lockfile v1


html-ast-transform@^2.0.1:
  version "2.0.1"
  resolved "https://registry.yarnpkg.com/html-ast-transform/-/html-ast-transform-2.0.1.tgz#404f7cac93f8aecd425ee3e381718e5e253eaded"
  integrity sha512-ryBf1oxFM1s12/lD2qChqrdsG0Y2ajdCZJnNPjY2oeS+UDF3wwYP7ubP0wxM6h72dKxdgtmihAc55x3gtDqM4Q==

parse5@^6.0.1:
  version "6.0.1"
  resolved "https://registry.yarnpkg.com/parse5/-/parse5-6.0.1.tgz#e1a1c085c569b3dc08321184f19a39cc27f7c30b"
  integrity sha512-Ofn/CTFzRGTTxwpNEs9PP93gXShHcTq255nzRYSKe8AkVpZY7e1fpmTfOyoIvjP5HG7Z2ZM7VS9PPhQGW2pOpw==
